
Microsoft Visual Studio Solution File, Format Version 12.00
# Visual Studio 15
VisualStudioVersion = 15.0.28307.852
MinimumVisualStudioVersion = 10.0.40219.1
Project("{FAE04EC0-301F-11D3-BF4B-00C04F79EFBC}") = "HOSPMS", "HOSPMS\HOSPMS.csproj", "{91E888E1-D596-465E-B160-1D478D4695EE}"
EndProject
Project("{54435603-DBB4-11D2-8724-00A0C9A8B90C}") = "Setup", "Setup\Setup.vdproj", "{0E994EB8-9434-499F-8B53-30BD65F04D97}"
EndProject
Global
	GlobalSection(SolutionConfigurationPlatforms) = preSolution
		Debug|Any CPU = Debug|Any CPU
		Release|Any CPU = Release|Any CPU
	EndGlobalSection
	GlobalSection(ProjectConfigurationPlatforms) = postSolution
		{91E888E1-D596-465E-B160-1D478D4695EE}.Debug|Any CPU.ActiveCfg = Debug|Any CPU
		{91E888E1-D596-465E-B160-1D478D4695EE}.Debug|Any CPU.Build.0 = Debug|Any CPU
		{91E888E1-D596-465E-B160-1D478D4695EE}.Release|Any CPU.ActiveCfg = Release|Any CPU
		{91E888E1-D596-465E-B160-1D478D4695EE}.Release|Any CPU.Build.0 = Release|Any CPU
		{0E994EB8-9434-499F-8B53-30BD65F04D97}.Debug|Any CPU.ActiveCfg = Debug
		{0E994EB8-9434-499F-8B53-30BD65F04D97}.Release|Any CPU.ActiveCfg = Release
	EndGlobalSection
	GlobalSection(SolutionProperties) = preSolution
		HideSolutionNode = FALSE
	EndGlobalSection
	GlobalSection(ExtensibilityGlobals) = postSolution
		SolutionGuid = {3FB04BE5-2896-4A86-B26E-3D877657FA22}
	EndGlobalSection
EndGlobal
